
Microsoft Visual Studio Solution File, Format Version 12.00
# Visual Studio Version 17
VisualStudioVersion = 17.11.35327.3
MinimumVisualStudioVersion = 10.0.40219.1
Project("{FAE04EC0-301F-11D3-BF4B-00C04F79EFBC}") = "ProjUAB", "ProjUAB\ProjUAB.csproj", "{59AB7B6D-58C8-47B4-8CEE-597F9E084148}"
EndProject
Global
	GlobalSection(SolutionConfigurationPlatforms) = preSolution
		Debug|Any CPU = Debug|Any CPU
		Release|Any CPU = Release|Any CPU
	EndGlobalSection
	GlobalSection(ProjectConfigurationPlatforms) = postSolution
		{59AB7B6D-58C8-47B4-8CEE-597F9E084148}.Debug|Any CPU.ActiveCfg = Debug|Any CPU
		{59AB7B6D-58C8-47B4-8CEE-597F9E084148}.Debug|Any CPU.Build.0 = Debug|Any CPU
		{59AB7B6D-58C8-47B4-8CEE-597F9E084148}.Release|Any CPU.ActiveCfg = Release|Any CPU
		{59AB7B6D-58C8-47B4-8CEE-597F9E084148}.Release|Any CPU.Build.0 = Release|Any CPU
	EndGlobalSection
	GlobalSection(SolutionProperties) = preSolution
		HideSolutionNode = FALSE
	EndGlobalSection
	GlobalSection(ExtensibilityGlobals) = postSolution
		SolutionGuid = {C9DA32C2-6E5E-49DC-A8F9-0D1EBB2389EB}
	EndGlobalSection
EndGlobal
